
Microsoft Visual Studio Solution File, Format Version 12.00
# Visual Studio Version 16
VisualStudioVersion = 16.0.30611.23
MinimumVisualStudioVersion = 10.0.40219.1
Project("{8BC9CEB8-8B4A-11D0-8D11-00A0C91BC942}") = "lab5_1", "lab5_1\lab5_1.vcxproj", "{C52AAD03-6C9D-4240-B9FF-ED0B7B5DDB65}"
EndProject
Project("{8BC9CEB8-8B4A-11D0-8D11-00A0C91BC942}") = "UnitTest2", "UnitTest2\UnitTest2.vcxproj", "{7B590DDF-CF28-41C8-A5FC-71EC17458D6C}"
EndProject
Global
	GlobalSection(SolutionConfigurationPlatforms) = preSolution
		Debug|x64 = Debug|x64
		Debug|x86 = Debug|x86
		Release|x64 = Release|x64
		Release|x86 = Release|x86
	EndGlobalSection
	GlobalSection(ProjectConfigurationPlatforms) = postSolution
		{C52AAD03-6C9D-4240-B9FF-ED0B7B5DDB65}.Debug|x64.ActiveCfg = Debug|x64
		{C52AAD03-6C9D-4240-B9FF-ED0B7B5DDB65}.Debug|x64.Build.0 = Debug|x64
		{C52AAD03-6C9D-4240-B9FF-ED0B7B5DDB65}.Debug|x86.ActiveCfg = Debug|Win32
		{C52AAD03-6C9D-4240-B9FF-ED0B7B5DDB65}.Debug|x86.Build.0 = Debug|Win32
		{C52AAD03-6C9D-4240-B9FF-ED0B7B5DDB65}.Release|x64.ActiveCfg = Release|x64
		{C52AAD03-6C9D-4240-B9FF-ED0B7B5DDB65}.Release|x64.Build.0 = Release|x64
		{C52AAD03-6C9D-4240-B9FF-ED0B7B5DDB65}.Release|x86.ActiveCfg = Release|Win32
		{C52AAD03-6C9D-4240-B9FF-ED0B7B5DDB65}.Release|x86.Build.0 = Release|Win32
		{7B590DDF-CF28-41C8-A5FC-71EC17458D6C}.Debug|x64.ActiveCfg = Debug|x64
		{7B590DDF-CF28-41C8-A5FC-71EC17458D6C}.Debug|x64.Build.0 = Debug|x64
		{7B590DDF-CF28-41C8-A5FC-71EC17458D6C}.Debug|x86.ActiveCfg = Debug|Win32
		{7B590DDF-CF28-41C8-A5FC-71EC17458D6C}.Debug|x86.Build.0 = Debug|Win32
		{7B590DDF-CF28-41C8-A5FC-71EC17458D6C}.Release|x64.ActiveCfg = Release|x64
		{7B590DDF-CF28-41C8-A5FC-71EC17458D6C}.Release|x64.Build.0 = Release|x64
		{7B590DDF-CF28-41C8-A5FC-71EC17458D6C}.Release|x86.ActiveCfg = Release|Win32
		{7B590DDF-CF28-41C8-A5FC-71EC17458D6C}.Release|x86.Build.0 = Release|Win32
	EndGlobalSection
	GlobalSection(SolutionProperties) = preSolution
		HideSolutionNode = FALSE
	EndGlobalSection
	GlobalSection(ExtensibilityGlobals) = postSolution
		SolutionGuid = {3F7D23D1-F3CB-485D-9070-17590334DB8A}
	EndGlobalSection
EndGlobal
